
Microsoft Visual Studio Solution File, Format Version 12.00
# Visual Studio Version 17
VisualStudioVersion = 17.13.35825.156 d17.13
MinimumVisualStudioVersion = 10.0.40219.1
Project("{FAE04EC0-301F-11D3-BF4B-00C04F79EFBC}") = "RefereePart", "RefereePart\RefereePart.csproj", "{B84336CF-5B12-4859-8A5C-E10FB941B36E}"
EndProject
Global
	GlobalSection(SolutionConfigurationPlatforms) = preSolution
		Debug|Any CPU = Debug|Any CPU
		Release|Any CPU = Release|Any CPU
	EndGlobalSection
	GlobalSection(ProjectConfigurationPlatforms) = postSolution
		{B84336CF-5B12-4859-8A5C-E10FB941B36E}.Debug|Any CPU.ActiveCfg = Debug|Any CPU
		{B84336CF-5B12-4859-8A5C-E10FB941B36E}.Debug|Any CPU.Build.0 = Debug|Any CPU
		{B84336CF-5B12-4859-8A5C-E10FB941B36E}.Release|Any CPU.ActiveCfg = Release|Any CPU
		{B84336CF-5B12-4859-8A5C-E10FB941B36E}.Release|Any CPU.Build.0 = Release|Any CPU
	EndGlobalSection
	GlobalSection(SolutionProperties) = preSolution
		HideSolutionNode = FALSE
	EndGlobalSection
	GlobalSection(ExtensibilityGlobals) = postSolution
		SolutionGuid = {F3DF46C4-9AAD-4E47-97E6-9FEC7CD50DDE}
	EndGlobalSection
EndGlobal
